
Microsoft Visual Studio Solution File, Format Version 12.00
# Visual Studio 15
VisualStudioVersion = 15.0.27428.2037
MinimumVisualStudioVersion = 10.0.40219.1
Project("{FAE04EC0-301F-11D3-BF4B-00C04F79EFBC}") = "CompareGetValueVsObject", "CompareGetValueVsObject\CompareGetValueVsObject.csproj", "{34ABC885-5EB8-443A-B5DE-FFD322C8B82E}"
EndProject
Global
	GlobalSection(SolutionConfigurationPlatforms) = preSolution
		Debug|Any CPU = Debug|Any CPU
		Release|Any CPU = Release|Any CPU
	EndGlobalSection
	GlobalSection(ProjectConfigurationPlatforms) = postSolution
		{34ABC885-5EB8-443A-B5DE-FFD322C8B82E}.Debug|Any CPU.ActiveCfg = Debug|Any CPU
		{34ABC885-5EB8-443A-B5DE-FFD322C8B82E}.Debug|Any CPU.Build.0 = Debug|Any CPU
		{34ABC885-5EB8-443A-B5DE-FFD322C8B82E}.Release|Any CPU.ActiveCfg = Release|Any CPU
		{34ABC885-5EB8-443A-B5DE-FFD322C8B82E}.Release|Any CPU.Build.0 = Release|Any CPU
	EndGlobalSection
	GlobalSection(SolutionProperties) = preSolution
		HideSolutionNode = FALSE
	EndGlobalSection
	GlobalSection(ExtensibilityGlobals) = postSolution
		SolutionGuid = {30070917-5909-442C-B7F5-97CE67918A70}
	EndGlobalSection
EndGlobal
